
Microsoft Visual Studio Solution File, Format Version 12.00
# Visual Studio 15
VisualStudioVersion = 15.0.28010.2016
MinimumVisualStudioVersion = 10.0.40219.1
Project("{FAE04EC0-301F-11D3-BF4B-00C04F79EFBC}") = "Generics", "Generics\Generics.csproj", "{1DAAB2CD-3DC2-412F-B2B8-721E017BD169}"
EndProject
Project("{FAE04EC0-301F-11D3-BF4B-00C04F79EFBC}") = "Attributes", "Attributes\Attributes.csproj", "{892145DA-38C6-4529-B254-4A1C48DBB576}"
EndProject
Project("{FAE04EC0-301F-11D3-BF4B-00C04F79EFBC}") = "Reflections", "Reflections\Reflections.csproj", "{11477DFE-353F-4AAF-A50D-4AA0DE933DB6}"
EndProject
Project("{FAE04EC0-301F-11D3-BF4B-00C04F79EFBC}") = "Delegates", "Delegates\Delegates.csproj", "{96465EE1-3849-4C23-AD60-36AD86638957}"
EndProject
Global
	GlobalSection(SolutionConfigurationPlatforms) = preSolution
		Debug|Any CPU = Debug|Any CPU
		Release|Any CPU = Release|Any CPU
	EndGlobalSection
	GlobalSection(ProjectConfigurationPlatforms) = postSolution
		{1DAAB2CD-3DC2-412F-B2B8-721E017BD169}.Debug|Any CPU.ActiveCfg = Debug|Any CPU
		{1DAAB2CD-3DC2-412F-B2B8-721E017BD169}.Debug|Any CPU.Build.0 = Debug|Any CPU
		{1DAAB2CD-3DC2-412F-B2B8-721E017BD169}.Release|Any CPU.ActiveCfg = Release|Any CPU
		{1DAAB2CD-3DC2-412F-B2B8-721E017BD169}.Release|Any CPU.Build.0 = Release|Any CPU
		{892145DA-38C6-4529-B254-4A1C48DBB576}.Debug|Any CPU.ActiveCfg = Debug|Any CPU
		{892145DA-38C6-4529-B254-4A1C48DBB576}.Debug|Any CPU.Build.0 = Debug|Any CPU
		{892145DA-38C6-4529-B254-4A1C48DBB576}.Release|Any CPU.ActiveCfg = Release|Any CPU
		{892145DA-38C6-4529-B254-4A1C48DBB576}.Release|Any CPU.Build.0 = Release|Any CPU
		{11477DFE-353F-4AAF-A50D-4AA0DE933DB6}.Debug|Any CPU.ActiveCfg = Debug|Any CPU
		{11477DFE-353F-4AAF-A50D-4AA0DE933DB6}.Debug|Any CPU.Build.0 = Debug|Any CPU
		{11477DFE-353F-4AAF-A50D-4AA0DE933DB6}.Release|Any CPU.ActiveCfg = Release|Any CPU
		{11477DFE-353F-4AAF-A50D-4AA0DE933DB6}.Release|Any CPU.Build.0 = Release|Any CPU
		{96465EE1-3849-4C23-AD60-36AD86638957}.Debug|Any CPU.ActiveCfg = Debug|Any CPU
		{96465EE1-3849-4C23-AD60-36AD86638957}.Debug|Any CPU.Build.0 = Debug|Any CPU
		{96465EE1-3849-4C23-AD60-36AD86638957}.Release|Any CPU.ActiveCfg = Release|Any CPU
		{96465EE1-3849-4C23-AD60-36AD86638957}.Release|Any CPU.Build.0 = Release|Any CPU
	EndGlobalSection
	GlobalSection(SolutionProperties) = preSolution
		HideSolutionNode = FALSE
	EndGlobalSection
	GlobalSection(ExtensibilityGlobals) = postSolution
		SolutionGuid = {A9B6D40B-12BA-4AF3-A153-0DCAA1212EC3}
	EndGlobalSection
EndGlobal
